// !$*UTF8*$!
{
	archiveVersion = 1;
	classes = {
	};
	objectVersion = 56;
	objects = {

/* Begin PBXBuildFile section */
		830B011029486C4A00CB2A24 /* Main.storyboard in Resources */ = {isa = PBXBuildFile; fileRef = 830B010F29486C4A00CB2A24 /* Main.storyboard */; };
		839679AF28FFF17E00AF0733 /* AppDelegate.swift in Sources */ = {isa = PBXBuildFile; fileRef = 839679AE28FFF17E00AF0733 /* AppDelegate.swift */; };
		839679B128FFF17E00AF0733 /* SceneDelegate.swift in Sources */ = {isa = PBXBuildFile; fileRef = 839679B028FFF17E00AF0733 /* SceneDelegate.swift */; };
		839679B828FFF17E00AF0733 /* Assets.xcassets in Resources */ = {isa = PBXBuildFile; fileRef = 839679B728FFF17E00AF0733 /* Assets.xcassets */; };
		839679BB28FFF17E00AF0733 /* LaunchScreen.storyboard in Resources */ = {isa = PBXBuildFile; fileRef = 839679B928FFF17E00AF0733 /* LaunchScreen.storyboard */; };
		83ABF3F029013D7C002DC8CC /* ExchangeService.swift in Sources */ = {isa = PBXBuildFile; fileRef = 83ABF3EF29013D7C002DC8CC /* ExchangeService.swift */; };
		83ABF3F229014639002DC8CC /* ConvertResponse.swift in Sources */ = {isa = PBXBuildFile; fileRef = 83ABF3F129014639002DC8CC /* ConvertResponse.swift */; };
		83ABF3F4290153B9002DC8CC /* ExchangeVC.swift in Sources */ = {isa = PBXBuildFile; fileRef = 83ABF3F3290153B9002DC8CC /* ExchangeVC.swift */; };
		83B0AC422907CF2E00FB1CAD /* ExchangeTestCases.swift in Sources */ = {isa = PBXBuildFile; fileRef = 83B0AC412907CF2E00FB1CAD /* ExchangeTestCases.swift */; };
		83B0AC462907CF8900FB1CAD /* ExchangeFakeResponseDataError.swift in Sources */ = {isa = PBXBuildFile; fileRef = 83B0AC452907CF8900FB1CAD /* ExchangeFakeResponseDataError.swift */; };
		83B0AC482907CF9100FB1CAD /* MockURLProtocol.swift in Sources */ = {isa = PBXBuildFile; fileRef = 83B0AC472907CF9100FB1CAD /* MockURLProtocol.swift */; };
		83B0AC4A2907D30800FB1CAD /* Convert.json in Resources */ = {isa = PBXBuildFile; fileRef = 83B0AC492907D30800FB1CAD /* Convert.json */; };
		83B62F8B292E0D9100030808 /* WeatherService.swift in Sources */ = {isa = PBXBuildFile; fileRef = 83B62F8A292E0D9100030808 /* WeatherService.swift */; };
		83B62F8D292E0FBF00030808 /* WeatherResponse.swift in Sources */ = {isa = PBXBuildFile; fileRef = 83B62F8C292E0FBF00030808 /* WeatherResponse.swift */; };
		83B62F8F292E184F00030808 /* WeatherVC.swift in Sources */ = {isa = PBXBuildFile; fileRef = 83B62F8E292E184F00030808 /* WeatherVC.swift */; };
		83B7B19F2912676800428BE0 /* LatestChangeRateResponse.swift in Sources */ = {isa = PBXBuildFile; fileRef = 83B7B19E2912676800428BE0 /* LatestChangeRateResponse.swift */; };
		83BC756A292F5C38000AA627 /* WeatherTestCases.swift in Sources */ = {isa = PBXBuildFile; fileRef = 83BC7569292F5C38000AA627 /* WeatherTestCases.swift */; };
		83BC756C292F5C8F000AA627 /* WeatherFakeResponseDataError.swift in Sources */ = {isa = PBXBuildFile; fileRef = 83BC756B292F5C8F000AA627 /* WeatherFakeResponseDataError.swift */; };
		83BC756E292F5D05000AA627 /* Weather.json in Resources */ = {isa = PBXBuildFile; fileRef = 83BC756D292F5D05000AA627 /* Weather.json */; };
		83BDFAC82906DA9400A851FE /* APIKeys.swift in Sources */ = {isa = PBXBuildFile; fileRef = 83BDFAC72906DA9400A851FE /* APIKeys.swift */; };
		83D0BE5D29262683002CDD15 /* TraductionFakeResponseDataError.swift in Sources */ = {isa = PBXBuildFile; fileRef = 83D0BE5C29262683002CDD15 /* TraductionFakeResponseDataError.swift */; };
		83D0BE5F29262731002CDD15 /* TraductionTestCases.swift in Sources */ = {isa = PBXBuildFile; fileRef = 83D0BE5E29262731002CDD15 /* TraductionTestCases.swift */; };
		83D0BE612926284D002CDD15 /* Traduction.json in Resources */ = {isa = PBXBuildFile; fileRef = 83D0BE602926284D002CDD15 /* Traduction.json */; };
		83D9EDAD29150CED0098F886 /* LatestChangeRate.json in Resources */ = {isa = PBXBuildFile; fileRef = 83D9EDAC29150CED0098F886 /* LatestChangeRate.json */; };
		83E55A3F291BA1D500A38D3B /* TraductionService.swift in Sources */ = {isa = PBXBuildFile; fileRef = 83E55A3E291BA1D500A38D3B /* TraductionService.swift */; };
		83E55A41291BA91900A38D3B /* TraductionResponse.swift in Sources */ = {isa = PBXBuildFile; fileRef = 83E55A40291BA91900A38D3B /* TraductionResponse.swift */; };
		83E55A45291BAD7F00A38D3B /* TraductionVC.swift in Sources */ = {isa = PBXBuildFile; fileRef = 83E55A44291BAD7F00A38D3B /* TraductionVC.swift */; };
/* End PBXBuildFile section */

/* Begin PBXContainerItemProxy section */
		83B0AC392907CDDA00FB1CAD /* PBXContainerItemProxy */ = {
			isa = PBXContainerItemProxy;
			containerPortal = 839679A328FFF17E00AF0733 /* Project object */;
			proxyType = 1;
			remoteGlobalIDString = 839679AA28FFF17E00AF0733;
			remoteInfo = LeBaluchon;
		};
/* End PBXContainerItemProxy section */

/* Begin PBXFileReference section */
		830B010F29486C4A00CB2A24 /* Main.storyboard */ = {isa = PBXFileReference; fileEncoding = 4; lastKnownFileType = file.storyboard; path = Main.storyboard; sourceTree = "<group>"; };
		839679AB28FFF17E00AF0733 /* LeBaluchon.app */ = {isa = PBXFileReference; explicitFileType = wrapper.application; includeInIndex = 0; path = LeBaluchon.app; sourceTree = BUILT_PRODUCTS_DIR; };
		839679AE28FFF17E00AF0733 /* AppDelegate.swift */ = {isa = PBXFileReference; lastKnownFileType = sourcecode.swift; path = AppDelegate.swift; sourceTree = "<group>"; };
		839679B028FFF17E00AF0733 /* SceneDelegate.swift */ = {isa = PBXFileReference; lastKnownFileType = sourcecode.swift; path = SceneDelegate.swift; sourceTree = "<group>"; };
		839679B728FFF17E00AF0733 /* Assets.xcassets */ = {isa = PBXFileReference; lastKnownFileType = folder.assetcatalog; path = Assets.xcassets; sourceTree = "<group>"; };
		839679BA28FFF17E00AF0733 /* Base */ = {isa = PBXFileReference; lastKnownFileType = file.storyboard; name = Base; path = Base.lproj/LaunchScreen.storyboard; sourceTree = "<group>"; };
		839679BC28FFF17E00AF0733 /* Info.plist */ = {isa = PBXFileReference; lastKnownFileType = text.plist.xml; path = Info.plist; sourceTree = "<group>"; };
		83ABF3EF29013D7C002DC8CC /* ExchangeService.swift */ = {isa = PBXFileReference; lastKnownFileType = sourcecode.swift; path = ExchangeService.swift; sourceTree = "<group>"; };
		83ABF3F129014639002DC8CC /* ConvertResponse.swift */ = {isa = PBXFileReference; lastKnownFileType = sourcecode.swift; path = ConvertResponse.swift; sourceTree = "<group>"; };
		83ABF3F3290153B9002DC8CC /* ExchangeVC.swift */ = {isa = PBXFileReference; lastKnownFileType = sourcecode.swift; path = ExchangeVC.swift; sourceTree = "<group>"; };
		83B0AC352907CDDA00FB1CAD /* LeBaluchonTests.xctest */ = {isa = PBXFileReference; explicitFileType = wrapper.cfbundle; includeInIndex = 0; path = LeBaluchonTests.xctest; sourceTree = BUILT_PRODUCTS_DIR; };
		83B0AC412907CF2E00FB1CAD /* ExchangeTestCases.swift */ = {isa = PBXFileReference; lastKnownFileType = sourcecode.swift; path = ExchangeTestCases.swift; sourceTree = "<group>"; };
		83B0AC452907CF8900FB1CAD /* ExchangeFakeResponseDataError.swift */ = {isa = PBXFileReference; lastKnownFileType = sourcecode.swift; path = ExchangeFakeResponseDataError.swift; sourceTree = "<group>"; };
		83B0AC472907CF9100FB1CAD /* MockURLProtocol.swift */ = {isa = PBXFileReference; lastKnownFileType = sourcecode.swift; path = MockURLProtocol.swift; sourceTree = "<group>"; };
		83B0AC492907D30800FB1CAD /* Convert.json */ = {isa = PBXFileReference; lastKnownFileType = text.json; path = Convert.json; sourceTree = "<group>"; };
		83B62F8A292E0D9100030808 /* WeatherService.swift */ = {isa = PBXFileReference; lastKnownFileType = sourcecode.swift; path = WeatherService.swift; sourceTree = "<group>"; };
		83B62F8C292E0FBF00030808 /* WeatherResponse.swift */ = {isa = PBXFileReference; lastKnownFileType = sourcecode.swift; path = WeatherResponse.swift; sourceTree = "<group>"; };
		83B62F8E292E184F00030808 /* WeatherVC.swift */ = {isa = PBXFileReference; lastKnownFileType = sourcecode.swift; path = WeatherVC.swift; sourceTree = "<group>"; };
		83B7B19E2912676800428BE0 /* LatestChangeRateResponse.swift */ = {isa = PBXFileReference; lastKnownFileType = sourcecode.swift; path = LatestChangeRateResponse.swift; sourceTree = "<group>"; };
		83BC7569292F5C38000AA627 /* WeatherTestCases.swift */ = {isa = PBXFileReference; lastKnownFileType = sourcecode.swift; path = WeatherTestCases.swift; sourceTree = "<group>"; };
		83BC756B292F5C8F000AA627 /* WeatherFakeResponseDataError.swift */ = {isa = PBXFileReference; lastKnownFileType = sourcecode.swift; path = WeatherFakeResponseDataError.swift; sourceTree = "<group>"; };
		83BC756D292F5D05000AA627 /* Weather.json */ = {isa = PBXFileReference; lastKnownFileType = text.json; path = Weather.json; sourceTree = "<group>"; };
		83BDFAC72906DA9400A851FE /* APIKeys.swift */ = {isa = PBXFileReference; lastKnownFileType = sourcecode.swift; path = APIKeys.swift; sourceTree = "<group>"; };
		83D0BE5C29262683002CDD15 /* TraductionFakeResponseDataError.swift */ = {isa = PBXFileReference; lastKnownFileType = sourcecode.swift; path = TraductionFakeResponseDataError.swift; sourceTree = "<group>"; };
		83D0BE5E29262731002CDD15 /* TraductionTestCases.swift */ = {isa = PBXFileReference; lastKnownFileType = sourcecode.swift; path = TraductionTestCases.swift; sourceTree = "<group>"; };
		83D0BE602926284D002CDD15 /* Traduction.json */ = {isa = PBXFileReference; lastKnownFileType = text.json; path = Traduction.json; sourceTree = "<group>"; };
		83D9EDAC29150CED0098F886 /* LatestChangeRate.json */ = {isa = PBXFileReference; lastKnownFileType = text.json; path = LatestChangeRate.json; sourceTree = "<group>"; };
		83E55A3E291BA1D500A38D3B /* TraductionService.swift */ = {isa = PBXFileReference; lastKnownFileType = sourcecode.swift; path = TraductionService.swift; sourceTree = "<group>"; };
		83E55A40291BA91900A38D3B /* TraductionResponse.swift */ = {isa = PBXFileReference; lastKnownFileType = sourcecode.swift; path = TraductionResponse.swift; sourceTree = "<group>"; };
		83E55A44291BAD7F00A38D3B /* TraductionVC.swift */ = {isa = PBXFileReference; lastKnownFileType = sourcecode.swift; path = TraductionVC.swift; sourceTree = "<group>"; };
/* End PBXFileReference section */

/* Begin PBXFrameworksBuildPhase section */
		839679A828FFF17E00AF0733 /* Frameworks */ = {
			isa = PBXFrameworksBuildPhase;
			buildActionMask = 2147483647;
			files = (
			);
			runOnlyForDeploymentPostprocessing = 0;
		};
		83B0AC322907CDDA00FB1CAD /* Frameworks */ = {
			isa = PBXFrameworksBuildPhase;
			buildActionMask = 2147483647;
			files = (
			);
			runOnlyForDeploymentPostprocessing = 0;
		};
/* End PBXFrameworksBuildPhase section */

/* Begin PBXGroup section */
		839679A228FFF17E00AF0733 = {
			isa = PBXGroup;
			children = (
				839679AD28FFF17E00AF0733 /* LeBaluchon */,
				83B0AC362907CDDA00FB1CAD /* LeBaluchonTests */,
				839679AC28FFF17E00AF0733 /* Products */,
			);
			sourceTree = "<group>";
		};
		839679AC28FFF17E00AF0733 /* Products */ = {
			isa = PBXGroup;
			children = (
				839679AB28FFF17E00AF0733 /* LeBaluchon.app */,
				83B0AC352907CDDA00FB1CAD /* LeBaluchonTests.xctest */,
			);
			name = Products;
			sourceTree = "<group>";
		};
		839679AD28FFF17E00AF0733 /* LeBaluchon */ = {
			isa = PBXGroup;
			children = (
				839679C528FFF19000AF0733 /* Ressources */,
				839679C428FFF18C00AF0733 /* Controller */,
				839679C328FFF18700AF0733 /* View */,
				839679C228FFF18300AF0733 /* Model */,
			);
			path = LeBaluchon;
			sourceTree = "<group>";
		};
		839679C228FFF18300AF0733 /* Model */ = {
			isa = PBXGroup;
			children = (
				83BDFAC72906DA9400A851FE /* APIKeys.swift */,
				83D9EDA7291509390098F886 /* Exchange */,
				83D9EDA92915095C0098F886 /* Traduction */,
				83D9EDA8291509560098F886 /* Weather */,
			);
			path = Model;
			sourceTree = "<group>";
		};
		839679C328FFF18700AF0733 /* View */ = {
			isa = PBXGroup;
			children = (
				839679B928FFF17E00AF0733 /* LaunchScreen.storyboard */,
				830B010F29486C4A00CB2A24 /* Main.storyboard */,
			);
			path = View;
			sourceTree = "<group>";
		};
		839679C428FFF18C00AF0733 /* Controller */ = {
			isa = PBXGroup;
			children = (
				83ABF3F3290153B9002DC8CC /* ExchangeVC.swift */,
				83E55A44291BAD7F00A38D3B /* TraductionVC.swift */,
				83B62F8E292E184F00030808 /* WeatherVC.swift */,
			);
			path = Controller;
			sourceTree = "<group>";
		};
		839679C528FFF19000AF0733 /* Ressources */ = {
			isa = PBXGroup;
			children = (
				839679AE28FFF17E00AF0733 /* AppDelegate.swift */,
				839679B028FFF17E00AF0733 /* SceneDelegate.swift */,
				839679B728FFF17E00AF0733 /* Assets.xcassets */,
				839679BC28FFF17E00AF0733 /* Info.plist */,
			);
			path = Ressources;
			sourceTree = "<group>";
		};
		83B0AC362907CDDA00FB1CAD /* LeBaluchonTests */ = {
			isa = PBXGroup;
			children = (
				83B0AC472907CF9100FB1CAD /* MockURLProtocol.swift */,
				83B0AC3E2907CDFC00FB1CAD /* ExchangeTests */,
				83D9EDAA291509820098F886 /* TraductionTests */,
				83D9EDAB2915098B0098F886 /* WeatherTests */,
			);
			path = LeBaluchonTests;
			sourceTree = "<group>";
		};
		83B0AC3E2907CDFC00FB1CAD /* ExchangeTests */ = {
			isa = PBXGroup;
			children = (
				83B0AC412907CF2E00FB1CAD /* ExchangeTestCases.swift */,
				83B0AC452907CF8900FB1CAD /* ExchangeFakeResponseDataError.swift */,
				83B0AC492907D30800FB1CAD /* Convert.json */,
				83D9EDAC29150CED0098F886 /* LatestChangeRate.json */,
			);
			path = ExchangeTests;
			sourceTree = "<group>";
		};
		83D9EDA7291509390098F886 /* Exchange */ = {
			isa = PBXGroup;
			children = (
				83ABF3EF29013D7C002DC8CC /* ExchangeService.swift */,
				83ABF3F129014639002DC8CC /* ConvertResponse.swift */,
				83B7B19E2912676800428BE0 /* LatestChangeRateResponse.swift */,
			);
			path = Exchange;
			sourceTree = "<group>";
		};
		83D9EDA8291509560098F886 /* Weather */ = {
			isa = PBXGroup;
			children = (
				83B62F8A292E0D9100030808 /* WeatherService.swift */,
				83B62F8C292E0FBF00030808 /* WeatherResponse.swift */,
			);
			path = Weather;
			sourceTree = "<group>";
		};
		83D9EDA92915095C0098F886 /* Traduction */ = {
			isa = PBXGroup;
			children = (
				83E55A3E291BA1D500A38D3B /* TraductionService.swift */,
				83E55A40291BA91900A38D3B /* TraductionResponse.swift */,
			);
			path = Traduction;
			sourceTree = "<group>";
		};
		83D9EDAA291509820098F886 /* TraductionTests */ = {
			isa = PBXGroup;
			children = (
				83D0BE5E29262731002CDD15 /* TraductionTestCases.swift */,
				83D0BE5C29262683002CDD15 /* TraductionFakeResponseDataError.swift */,
				83D0BE602926284D002CDD15 /* Traduction.json */,
			);
			path = TraductionTests;
			sourceTree = "<group>";
		};
		83D9EDAB2915098B0098F886 /* WeatherTests */ = {
			isa = PBXGroup;
			children = (
				83BC7569292F5C38000AA627 /* WeatherTestCases.swift */,
				83BC756B292F5C8F000AA627 /* WeatherFakeResponseDataError.swift */,
				83BC756D292F5D05000AA627 /* Weather.json */,
			);
			path = WeatherTests;
			sourceTree = "<group>";
		};
/* End PBXGroup section */

/* Begin PBXNativeTarget section */
		839679AA28FFF17E00AF0733 /* LeBaluchon */ = {
			isa = PBXNativeTarget;
			buildConfigurationList = 839679BF28FFF17E00AF0733 /* Build configuration list for PBXNativeTarget "LeBaluchon" */;
			buildPhases = (
				839679A728FFF17E00AF0733 /* Sources */,
				839679A828FFF17E00AF0733 /* Frameworks */,
				839679A928FFF17E00AF0733 /* Resources */,
			);
			buildRules = (
			);
			dependencies = (
			);
			name = LeBaluchon;
			productName = LeBaluchon;
			productReference = 839679AB28FFF17E00AF0733 /* LeBaluchon.app */;
			productType = "com.apple.product-type.application";
		};
		83B0AC342907CDDA00FB1CAD /* LeBaluchonTests */ = {
			isa = PBXNativeTarget;
			buildConfigurationList = 83B0AC3D2907CDDA00FB1CAD /* Build configuration list for PBXNativeTarget "LeBaluchonTests" */;
			buildPhases = (
				83B0AC312907CDDA00FB1CAD /* Sources */,
				83B0AC322907CDDA00FB1CAD /* Frameworks */,
				83B0AC332907CDDA00FB1CAD /* Resources */,
			);
			buildRules = (
			);
			dependencies = (
				83B0AC3A2907CDDA00FB1CAD /* PBXTargetDependency */,
			);
			name = LeBaluchonTests;
			productName = LeBaluchonTests;
			productReference = 83B0AC352907CDDA00FB1CAD /* LeBaluchonTests.xctest */;
			productType = "com.apple.product-type.bundle.unit-test";
		};
/* End PBXNativeTarget section */

/* Begin PBXProject section */
		839679A328FFF17E00AF0733 /* Project object */ = {
			isa = PBXProject;
			attributes = {
				BuildIndependentTargetsInParallel = 1;
				LastSwiftUpdateCheck = 1400;
				LastUpgradeCheck = 1400;
				TargetAttributes = {
					839679AA28FFF17E00AF0733 = {
						CreatedOnToolsVersion = 14.0;
					};
					83B0AC342907CDDA00FB1CAD = {
						CreatedOnToolsVersion = 14.0;
						LastSwiftMigration = 1400;
						TestTargetID = 839679AA28FFF17E00AF0733;
					};
				};
			};
			buildConfigurationList = 839679A628FFF17E00AF0733 /* Build configuration list for PBXProject "LeBaluchon" */;
			compatibilityVersion = "Xcode 14.0";
			developmentRegion = en;
			hasScannedForEncodings = 0;
			knownRegions = (
				en,
				Base,
			);
			mainGroup = 839679A228FFF17E00AF0733;
			productRefGroup = 839679AC28FFF17E00AF0733 /* Products */;
			projectDirPath = "";
			projectRoot = "";
			targets = (
				839679AA28FFF17E00AF0733 /* LeBaluchon */,
				83B0AC342907CDDA00FB1CAD /* LeBaluchonTests */,
			);
		};
/* End PBXProject section */

/* Begin PBXResourcesBuildPhase section */
		839679A928FFF17E00AF0733 /* Resources */ = {
			isa = PBXResourcesBuildPhase;
			buildActionMask = 2147483647;
			files = (
				830B011029486C4A00CB2A24 /* Main.storyboard in Resources */,
				839679BB28FFF17E00AF0733 /* LaunchScreen.storyboard in Resources */,
				839679B828FFF17E00AF0733 /* Assets.xcassets in Resources */,
			);
			runOnlyForDeploymentPostprocessing = 0;
		};
		83B0AC332907CDDA00FB1CAD /* Resources */ = {
			isa = PBXResourcesBuildPhase;
			buildActionMask = 2147483647;
			files = (
				83BC756E292F5D05000AA627 /* Weather.json in Resources */,
				83D9EDAD29150CED0098F886 /* LatestChangeRate.json in Resources */,
				83D0BE612926284D002CDD15 /* Traduction.json in Resources */,
				83B0AC4A2907D30800FB1CAD /* Convert.json in Resources */,
			);
			runOnlyForDeploymentPostprocessing = 0;
		};
/* End PBXResourcesBuildPhase section */

/* Begin PBXSourcesBuildPhase section */
		839679A728FFF17E00AF0733 /* Sources */ = {
			isa = PBXSourcesBuildPhase;
			buildActionMask = 2147483647;
			files = (
				83E55A41291BA91900A38D3B /* TraductionResponse.swift in Sources */,
				83B62F8F292E184F00030808 /* WeatherVC.swift in Sources */,
				83E55A3F291BA1D500A38D3B /* TraductionService.swift in Sources */,
				83B62F8B292E0D9100030808 /* WeatherService.swift in Sources */,
				83BDFAC82906DA9400A851FE /* APIKeys.swift in Sources */,
				83ABF3F229014639002DC8CC /* ConvertResponse.swift in Sources */,
				839679AF28FFF17E00AF0733 /* AppDelegate.swift in Sources */,
				839679B128FFF17E00AF0733 /* SceneDelegate.swift in Sources */,
				83B62F8D292E0FBF00030808 /* WeatherResponse.swift in Sources */,
				83ABF3F4290153B9002DC8CC /* ExchangeVC.swift in Sources */,
				83E55A45291BAD7F00A38D3B /* TraductionVC.swift in Sources */,
				83ABF3F029013D7C002DC8CC /* ExchangeService.swift in Sources */,
				83B7B19F2912676800428BE0 /* LatestChangeRateResponse.swift in Sources */,
			);
			runOnlyForDeploymentPostprocessing = 0;
		};
		83B0AC312907CDDA00FB1CAD /* Sources */ = {
			isa = PBXSourcesBuildPhase;
			buildActionMask = 2147483647;
			files = (
				83D0BE5F29262731002CDD15 /* TraductionTestCases.swift in Sources */,
				83B0AC422907CF2E00FB1CAD /* ExchangeTestCases.swift in Sources */,
				83B0AC482907CF9100FB1CAD /* MockURLProtocol.swift in Sources */,
				83B0AC462907CF8900FB1CAD /* ExchangeFakeResponseDataError.swift in Sources */,
				83BC756C292F5C8F000AA627 /* WeatherFakeResponseDataError.swift in Sources */,
				83BC756A292F5C38000AA627 /* WeatherTestCases.swift in Sources */,
				83D0BE5D29262683002CDD15 /* TraductionFakeResponseDataError.swift in Sources */,
			);
			runOnlyForDeploymentPostprocessing = 0;
		};
/* End PBXSourcesBuildPhase section */

/* Begin PBXTargetDependency section */
		83B0AC3A2907CDDA00FB1CAD /* PBXTargetDependency */ = {
			isa = PBXTargetDependency;
			target = 839679AA28FFF17E00AF0733 /* LeBaluchon */;
			targetProxy = 83B0AC392907CDDA00FB1CAD /* PBXContainerItemProxy */;
		};
/* End PBXTargetDependency section */

/* Begin PBXVariantGroup section */
		839679B928FFF17E00AF0733 /* LaunchScreen.storyboard */ = {
			isa = PBXVariantGroup;
			children = (
				839679BA28FFF17E00AF0733 /* Base */,
			);
			name = LaunchScreen.storyboard;
			sourceTree = "<group>";
		};
/* End PBXVariantGroup section */

/* Begin XCBuildConfiguration section */
		839679BD28FFF17E00AF0733 /* Debug */ = {
			isa = XCBuildConfiguration;
			buildSettings = {
				ALWAYS_SEARCH_USER_PATHS = NO;
				CLANG_ANALYZER_NONNULL = YES;
				CLANG_ANALYZER_NUMBER_OBJECT_CONVERSION = YES_AGGRESSIVE;
				CLANG_CXX_LANGUAGE_STANDARD = "gnu++20";
				CLANG_ENABLE_MODULES = YES;
				CLANG_ENABLE_OBJC_ARC = YES;
				CLANG_ENABLE_OBJC_WEAK = YES;
				CLANG_WARN_BLOCK_CAPTURE_AUTORELEASING = YES;
				CLANG_WARN_BOOL_CONVERSION = YES;
				CLANG_WARN_COMMA = YES;
				CLANG_WARN_CONSTANT_CONVERSION = YES;
				CLANG_WARN_DEPRECATED_OBJC_IMPLEMENTATIONS = YES;
				CLANG_WARN_DIRECT_OBJC_ISA_USAGE = YES_ERROR;
				CLANG_WARN_DOCUMENTATION_COMMENTS = YES;
				CLANG_WARN_EMPTY_BODY = YES;
				CLANG_WARN_ENUM_CONVERSION = YES;
				CLANG_WARN_INFINITE_RECURSION = YES;
				CLANG_WARN_INT_CONVERSION = YES;
				CLANG_WARN_NON_LITERAL_NULL_CONVERSION = YES;
				CLANG_WARN_OBJC_IMPLICIT_RETAIN_SELF = YES;
				CLANG_WARN_OBJC_LITERAL_CONVERSION = YES;
				CLANG_WARN_OBJC_ROOT_CLASS = YES_ERROR;
				CLANG_WARN_QUOTED_INCLUDE_IN_FRAMEWORK_HEADER = YES;
				CLANG_WARN_RANGE_LOOP_ANALYSIS = YES;
				CLANG_WARN_STRICT_PROTOTYPES = YES;
				CLANG_WARN_SUSPICIOUS_MOVE = YES;
				CLANG_WARN_UNGUARDED_AVAILABILITY = YES_AGGRESSIVE;
				CLANG_WARN_UNREACHABLE_CODE = YES;
				CLANG_WARN__DUPLICATE_METHOD_MATCH = YES;
				COPY_PHASE_STRIP = NO;
				DEBUG_INFORMATION_FORMAT = dwarf;
				ENABLE_STRICT_OBJC_MSGSEND = YES;
				ENABLE_TESTABILITY = YES;
				GCC_C_LANGUAGE_STANDARD = gnu11;
				GCC_DYNAMIC_NO_PIC = NO;
				GCC_NO_COMMON_BLOCKS = YES;
				GCC_OPTIMIZATION_LEVEL = 0;
				GCC_PREPROCESSOR_DEFINITIONS = (
					"DEBUG=1",
					"$(inherited)",
				);
				GCC_WARN_64_TO_32_BIT_CONVERSION = YES;
				GCC_WARN_ABOUT_RETURN_TYPE = YES_ERROR;
				GCC_WARN_UNDECLARED_SELECTOR = YES;
				GCC_WARN_UNINITIALIZED_AUTOS = YES_AGGRESSIVE;
				GCC_WARN_UNUSED_FUNCTION = YES;
				GCC_WARN_UNUSED_VARIABLE = YES;
				IPHONEOS_DEPLOYMENT_TARGET = 14.0;
				MTL_ENABLE_DEBUG_INFO = INCLUDE_SOURCE;
				MTL_FAST_MATH = YES;
				ONLY_ACTIVE_ARCH = YES;
				SDKROOT = iphoneos;
				SWIFT_ACTIVE_COMPILATION_CONDITIONS = DEBUG;
				SWIFT_OPTIMIZATION_LEVEL = "-Onone";
			};
			name = Debug;
		};
		839679BE28FFF17E00AF0733 /* Release */ = {
			isa = XCBuildConfiguration;
			buildSettings = {
				ALWAYS_SEARCH_USER_PATHS = NO;
				CLANG_ANALYZER_NONNULL = YES;
				CLANG_ANALYZER_NUMBER_OBJECT_CONVERSION = YES_AGGRESSIVE;
				CLANG_CXX_LANGUAGE_STANDARD = "gnu++20";
				CLANG_ENABLE_MODULES = YES;
				CLANG_ENABLE_OBJC_ARC = YES;
				CLANG_ENABLE_OBJC_WEAK = YES;
				CLANG_WARN_BLOCK_CAPTURE_AUTORELEASING = YES;
				CLANG_WARN_BOOL_CONVERSION = YES;
				CLANG_WARN_COMMA = YES;
				CLANG_WARN_CONSTANT_CONVERSION = YES;
				CLANG_WARN_DEPRECATED_OBJC_IMPLEMENTATIONS = YES;
				CLANG_WARN_DIRECT_OBJC_ISA_USAGE = YES_ERROR;
				CLANG_WARN_DOCUMENTATION_COMMENTS = YES;
				CLANG_WARN_EMPTY_BODY = YES;
				CLANG_WARN_ENUM_CONVERSION = YES;
				CLANG_WARN_INFINITE_RECURSION = YES;
				CLANG_WARN_INT_CONVERSION = YES;
				CLANG_WARN_NON_LITERAL_NULL_CONVERSION = YES;
				CLANG_WARN_OBJC_IMPLICIT_RETAIN_SELF = YES;
				CLANG_WARN_OBJC_LITERAL_CONVERSION = YES;
				CLANG_WARN_OBJC_ROOT_CLASS = YES_ERROR;
				CLANG_WARN_QUOTED_INCLUDE_IN_FRAMEWORK_HEADER = YES;
				CLANG_WARN_RANGE_LOOP_ANALYSIS = YES;
				CLANG_WARN_STRICT_PROTOTYPES = YES;
				CLANG_WARN_SUSPICIOUS_MOVE = YES;
				CLANG_WARN_UNGUARDED_AVAILABILITY = YES_AGGRESSIVE;
				CLANG_WARN_UNREACHABLE_CODE = YES;
				CLANG_WARN__DUPLICATE_METHOD_MATCH = YES;
				COPY_PHASE_STRIP = NO;
				DEBUG_INFORMATION_FORMAT = "dwarf-with-dsym";
				ENABLE_NS_ASSERTIONS = NO;
				ENABLE_STRICT_OBJC_MSGSEND = YES;
				GCC_C_LANGUAGE_STANDARD = gnu11;
				GCC_NO_COMMON_BLOCKS = YES;
				GCC_WARN_64_TO_32_BIT_CONVERSION = YES;
				GCC_WARN_ABOUT_RETURN_TYPE = YES_ERROR;
				GCC_WARN_UNDECLARED_SELECTOR = YES;
				GCC_WARN_UNINITIALIZED_AUTOS = YES_AGGRESSIVE;
				GCC_WARN_UNUSED_FUNCTION = YES;
				GCC_WARN_UNUSED_VARIABLE = YES;
				IPHONEOS_DEPLOYMENT_TARGET = 14.0;
				MTL_ENABLE_DEBUG_INFO = NO;
				MTL_FAST_MATH = YES;
				SDKROOT = iphoneos;
				SWIFT_COMPILATION_MODE = wholemodule;
				SWIFT_OPTIMIZATION_LEVEL = "-O";
				VALIDATE_PRODUCT = YES;
			};
			name = Release;
		};
		839679C028FFF17E00AF0733 /* Debug */ = {
			isa = XCBuildConfiguration;
			buildSettings = {
				ASSETCATALOG_COMPILER_APPICON_NAME = AppIcon;
				ASSETCATALOG_COMPILER_GLOBAL_ACCENT_COLOR_NAME = AccentColor;
				CODE_SIGN_STYLE = Automatic;
				CURRENT_PROJECT_VERSION = 1;
				DEVELOPMENT_TEAM = UF8VBT3FGJ;
				GENERATE_INFOPLIST_FILE = YES;
				INFOPLIST_FILE = LeBaluchon/Ressources/Info.plist;
				INFOPLIST_KEY_UIApplicationSupportsIndirectInputEvents = YES;
				INFOPLIST_KEY_UILaunchStoryboardName = LaunchScreen;
				INFOPLIST_KEY_UIMainStoryboardFile = Main;
				INFOPLIST_KEY_UISupportedInterfaceOrientations_iPad = "UIInterfaceOrientationPortrait UIInterfaceOrientationPortraitUpsideDown UIInterfaceOrientationLandscapeLeft UIInterfaceOrientationLandscapeRight";
				INFOPLIST_KEY_UISupportedInterfaceOrientations_iPhone = "UIInterfaceOrientationPortrait UIInterfaceOrientationLandscapeLeft UIInterfaceOrientationLandscapeRight";
				LD_RUNPATH_SEARCH_PATHS = (
					"$(inherited)",
					"@executable_path/Frameworks",
				);
				MARKETING_VERSION = 1.0;
				PRODUCT_BUNDLE_IDENTIFIER = com.mickaelhorn.LeBaluchon;
				PRODUCT_NAME = "$(TARGET_NAME)";
				SWIFT_EMIT_LOC_STRINGS = YES;
				SWIFT_VERSION = 5.0;
				TARGETED_DEVICE_FAMILY = "1,2";
			};
			name = Debug;
		};
		839679C128FFF17E00AF0733 /* Release */ = {
			isa = XCBuildConfiguration;
			buildSettings = {
				ASSETCATALOG_COMPILER_APPICON_NAME = AppIcon;
				ASSETCATALOG_COMPILER_GLOBAL_ACCENT_COLOR_NAME = AccentColor;
				CODE_SIGN_STYLE = Automatic;
				CURRENT_PROJECT_VERSION = 1;
				DEVELOPMENT_TEAM = UF8VBT3FGJ;
				GENERATE_INFOPLIST_FILE = YES;
				INFOPLIST_FILE = LeBaluchon/Ressources/Info.plist;
				INFOPLIST_KEY_UIApplicationSupportsIndirectInputEvents = YES;
				INFOPLIST_KEY_UILaunchStoryboardName = LaunchScreen;
				INFOPLIST_KEY_UIMainStoryboardFile = Main;
				INFOPLIST_KEY_UISupportedInterfaceOrientations_iPad = "UIInterfaceOrientationPortrait UIInterfaceOrientationPortraitUpsideDown UIInterfaceOrientationLandscapeLeft UIInterfaceOrientationLandscapeRight";
				INFOPLIST_KEY_UISupportedInterfaceOrientations_iPhone = "UIInterfaceOrientationPortrait UIInterfaceOrientationLandscapeLeft UIInterfaceOrientationLandscapeRight";
				LD_RUNPATH_SEARCH_PATHS = (
					"$(inherited)",
					"@executable_path/Frameworks",
				);
				MARKETING_VERSION = 1.0;
				PRODUCT_BUNDLE_IDENTIFIER = com.mickaelhorn.LeBaluchon;
				PRODUCT_NAME = "$(TARGET_NAME)";
				SWIFT_EMIT_LOC_STRINGS = YES;
				SWIFT_VERSION = 5.0;
				TARGETED_DEVICE_FAMILY = "1,2";
			};
			name = Release;
		};
		83B0AC3B2907CDDA00FB1CAD /* Debug */ = {
			isa = XCBuildConfiguration;
			buildSettings = {
				BUNDLE_LOADER = "$(TEST_HOST)";
				CLANG_ENABLE_MODULES = YES;
				CODE_SIGN_STYLE = Automatic;
				CURRENT_PROJECT_VERSION = 1;
				DEVELOPMENT_TEAM = UF8VBT3FGJ;
				GENERATE_INFOPLIST_FILE = YES;
				LD_RUNPATH_SEARCH_PATHS = (
					"$(inherited)",
					"@executable_path/Frameworks",
					"@loader_path/Frameworks",
				);
				MARKETING_VERSION = 1.0;
				PRODUCT_BUNDLE_IDENTIFIER = com.mickaelhorn.LeBaluchonTests;
				PRODUCT_NAME = "$(TARGET_NAME)";
				SWIFT_EMIT_LOC_STRINGS = NO;
				SWIFT_OPTIMIZATION_LEVEL = "-Onone";
				SWIFT_VERSION = 5.0;
				TARGETED_DEVICE_FAMILY = "1,2";
				TEST_HOST = "$(BUILT_PRODUCTS_DIR)/LeBaluchon.app/$(BUNDLE_EXECUTABLE_FOLDER_PATH)/LeBaluchon";
			};
			name = Debug;
		};
		83B0AC3C2907CDDA00FB1CAD /* Release */ = {
			isa = XCBuildConfiguration;
			buildSettings = {
				BUNDLE_LOADER = "$(TEST_HOST)";
				CLANG_ENABLE_MODULES = YES;
				CODE_SIGN_STYLE = Automatic;
				CURRENT_PROJECT_VERSION = 1;
				DEVELOPMENT_TEAM = UF8VBT3FGJ;
				GENERATE_INFOPLIST_FILE = YES;
				LD_RUNPATH_SEARCH_PATHS = (
					"$(inherited)",
					"@executable_path/Frameworks",
					"@loader_path/Frameworks",
				);
				MARKETING_VERSION = 1.0;
				PRODUCT_BUNDLE_IDENTIFIER = com.mickaelhorn.LeBaluchonTests;
				PRODUCT_NAME = "$(TARGET_NAME)";
				SWIFT_EMIT_LOC_STRINGS = NO;
				SWIFT_VERSION = 5.0;
				TARGETED_DEVICE_FAMILY = "1,2";
				TEST_HOST = "$(BUILT_PRODUCTS_DIR)/LeBaluchon.app/$(BUNDLE_EXECUTABLE_FOLDER_PATH)/LeBaluchon";
			};
			name = Release;
		};
/* End XCBuildConfiguration section */

/* Begin XCConfigurationList section */
		839679A628FFF17E00AF0733 /* Build configuration list for PBXProject "LeBaluchon" */ = {
			isa = XCConfigurationList;
			buildConfigurations = (
				839679BD28FFF17E00AF0733 /* Debug */,
				839679BE28FFF17E00AF0733 /* Release */,
			);
			defaultConfigurationIsVisible = 0;
			defaultConfigurationName = Release;
		};
		839679BF28FFF17E00AF0733 /* Build configuration list for PBXNativeTarget "LeBaluchon" */ = {
			isa = XCConfigurationList;
			buildConfigurations = (
				839679C028FFF17E00AF0733 /* Debug */,
				839679C128FFF17E00AF0733 /* Release */,
			);
			defaultConfigurationIsVisible = 0;
			defaultConfigurationName = Release;
		};
		83B0AC3D2907CDDA00FB1CAD /* Build configuration list for PBXNativeTarget "LeBaluchonTests" */ = {
			isa = XCConfigurationList;
			buildConfigurations = (
				83B0AC3B2907CDDA00FB1CAD /* Debug */,
				83B0AC3C2907CDDA00FB1CAD /* Release */,
			);
			defaultConfigurationIsVisible = 0;
			defaultConfigurationName = Release;
		};
/* End XCConfigurationList section */
	};
	rootObject = 839679A328FFF17E00AF0733 /* Project object */;
}
